Microsoft Visual Studio Solution File, Format Version 12.00
# Visual Studio 14
VisualStudioVersion = 14.0.25420.1
MinimumVisualStudioVersion = 10.0.40219.1
Project("{2150E333-8FDC-42A3-9474-1A3956D46DE8}") = "x86", "x86", "{8CF367BC-9C8E-4941-85C2-B6E680198F9E}"
EndProject
Project("{2150E333-8FDC-42A3-9474-1A3956D46DE8}") = "x64", "x64", "{6CCBBC8D-4D8D-4ABA-B2F3-708DFB47D285}"
EndProject
Project("{8BC9CEB8-8B4A-11D0-8D11-00A0C91BC942}") = "ALL_BUILD", "x64\ALL_BUILD.vcxproj", "{4CFB0CA2-F3D8-3688-92B3-70BF50230636}"
	ProjectSection(ProjectDependencies) = postProject
		{DA02869A-1F83-303F-9BD7-B42A5A8DE86B} = {DA02869A-1F83-303F-9BD7-B42A5A8DE86B}
		{36273ECE-B4BD-33FE-9514-3F47BFC6A049} = {36273ECE-B4BD-33FE-9514-3F47BFC6A049}
	EndProjectSection
EndProject
Project("{8BC9CEB8-8B4A-11D0-8D11-00A0C91BC942}") = "INSTALL", "x64\INSTALL.vcxproj", "{41BE1199-5D36-381A-A749-0BCFA741BAF6}"
	ProjectSection(ProjectDependencies) = postProject
		{4CFB0CA2-F3D8-3688-92B3-70BF50230636} = {4CFB0CA2-F3D8-3688-92B3-70BF50230636}
		{DA02869A-1F83-303F-9BD7-B42A5A8DE86B} = {DA02869A-1F83-303F-9BD7-B42A5A8DE86B}
	EndProjectSection
EndProject
Project("{8BC9CEB8-8B4A-11D0-8D11-00A0C91BC942}") = "ZERO_CHECK", "x64\ZERO_CHECK.vcxproj", "{DA02869A-1F83-303F-9BD7-B42A5A8DE86B}"
EndProject
Project("{8BC9CEB8-8B4A-11D0-8D11-00A0C91BC942}") = "amqp-cpp", "x64\amqp-cpp.vcxproj", "{36273ECE-B4BD-33FE-9514-3F47BFC6A049}"
	ProjectSection(ProjectDependencies) = postProject
		{DA02869A-1F83-303F-9BD7-B42A5A8DE86B} = {DA02869A-1F83-303F-9BD7-B42A5A8DE86B}
	EndProjectSection
EndProject
Project("{8BC9CEB8-8B4A-11D0-8D11-00A0C91BC942}") = "ALL_BUILD", "x86\ALL_BUILD.vcxproj", "{A24DA7F7-20E3-3751-82B0-79792B95FF17}"
	ProjectSection(ProjectDependencies) = postProject
		{3FEE69E6-A290-3022-A160-ACF82CAE989C} = {3FEE69E6-A290-3022-A160-ACF82CAE989C}
		{1C9B0B6F-6A10-3418-A0E1-92EB4F03831D} = {1C9B0B6F-6A10-3418-A0E1-92EB4F03831D}
	EndProjectSection
EndProject
Project("{8BC9CEB8-8B4A-11D0-8D11-00A0C91BC942}") = "INSTALL", "x86\INSTALL.vcxproj", "{90711F3E-29F4-33E2-9717-6BA1225C0046}"
	ProjectSection(ProjectDependencies) = postProject
		{A24DA7F7-20E3-3751-82B0-79792B95FF17} = {A24DA7F7-20E3-3751-82B0-79792B95FF17}
		{3FEE69E6-A290-3022-A160-ACF82CAE989C} = {3FEE69E6-A290-3022-A160-ACF82CAE989C}
	EndProjectSection
EndProject
Project("{8BC9CEB8-8B4A-11D0-8D11-00A0C91BC942}") = "ZERO_CHECK", "x86\ZERO_CHECK.vcxproj", "{3FEE69E6-A290-3022-A160-ACF82CAE989C}"
EndProject
Project("{8BC9CEB8-8B4A-11D0-8D11-00A0C91BC942}") = "amqp-cpp", "x86\amqp-cpp.vcxproj", "{1C9B0B6F-6A10-3418-A0E1-92EB4F03831D}"
	ProjectSection(ProjectDependencies) = postProject
		{3FEE69E6-A290-3022-A160-ACF82CAE989C} = {3FEE69E6-A290-3022-A160-ACF82CAE989C}
	EndProjectSection
EndProject
Global
	GlobalSection(SolutionConfigurationPlatforms) = preSolution
		Debug|Win32 = Debug|Win32
		Debug|x64 = Debug|x64
		MinSizeRel|Win32 = MinSizeRel|Win32
		MinSizeRel|x64 = MinSizeRel|x64
		Release|Win32 = Release|Win32
		Release|x64 = Release|x64
		RelWithDebInfo|Win32 = RelWithDebInfo|Win32
		RelWithDebInfo|x64 = RelWithDebInfo|x64
	EndGlobalSection
	GlobalSection(ProjectConfigurationPlatforms) = postSolution
		{4CFB0CA2-F3D8-3688-92B3-70BF50230636}.Debug|Win32.ActiveCfg = Debug|x64
		{4CFB0CA2-F3D8-3688-92B3-70BF50230636}.Debug|x64.ActiveCfg = Debug|x64
		{4CFB0CA2-F3D8-3688-92B3-70BF50230636}.Debug|x64.Build.0 = Debug|x64
		{4CFB0CA2-F3D8-3688-92B3-70BF50230636}.MinSizeRel|Win32.ActiveCfg = MinSizeRel|x64
		{4CFB0CA2-F3D8-3688-92B3-70BF50230636}.MinSizeRel|x64.ActiveCfg = MinSizeRel|x64
		{4CFB0CA2-F3D8-3688-92B3-70BF50230636}.MinSizeRel|x64.Build.0 = MinSizeRel|x64
		{4CFB0CA2-F3D8-3688-92B3-70BF50230636}.Release|Win32.ActiveCfg = Release|x64
		{4CFB0CA2-F3D8-3688-92B3-70BF50230636}.Release|x64.ActiveCfg = Release|x64
		{4CFB0CA2-F3D8-3688-92B3-70BF50230636}.Release|x64.Build.0 = Release|x64
		{4CFB0CA2-F3D8-3688-92B3-70BF50230636}.RelWithDebInfo|Win32.ActiveCfg = RelWithDebInfo|x64
		{4CFB0CA2-F3D8-3688-92B3-70BF50230636}.RelWithDebInfo|x64.ActiveCfg = RelWithDebInfo|x64
		{4CFB0CA2-F3D8-3688-92B3-70BF50230636}.RelWithDebInfo|x64.Build.0 = RelWithDebInfo|x64
		{41BE1199-5D36-381A-A749-0BCFA741BAF6}.Debug|Win32.ActiveCfg = Debug|x64
		{41BE1199-5D36-381A-A749-0BCFA741BAF6}.Debug|x64.ActiveCfg = Debug|x64
		{41BE1199-5D36-381A-A749-0BCFA741BAF6}.MinSizeRel|Win32.ActiveCfg = MinSizeRel|x64
		{41BE1199-5D36-381A-A749-0BCFA741BAF6}.MinSizeRel|x64.ActiveCfg = MinSizeRel|x64
		{41BE1199-5D36-381A-A749-0BCFA741BAF6}.Release|Win32.ActiveCfg = Release|x64
		{41BE1199-5D36-381A-A749-0BCFA741BAF6}.Release|x64.ActiveCfg = Release|x64
		{41BE1199-5D36-381A-A749-0BCFA741BAF6}.RelWithDebInfo|Win32.ActiveCfg = RelWithDebInfo|x64
		{41BE1199-5D36-381A-A749-0BCFA741BAF6}.RelWithDebInfo|x64.ActiveCfg = RelWithDebInfo|x64
		{DA02869A-1F83-303F-9BD7-B42A5A8DE86B}.Debug|Win32.ActiveCfg = Debug|x64
		{DA02869A-1F83-303F-9BD7-B42A5A8DE86B}.Debug|x64.ActiveCfg = Debug|x64
		{DA02869A-1F83-303F-9BD7-B42A5A8DE86B}.Debug|x64.Build.0 = Debug|x64
		{DA02869A-1F83-303F-9BD7-B42A5A8DE86B}.MinSizeRel|Win32.ActiveCfg = MinSizeRel|x64
		{DA02869A-1F83-303F-9BD7-B42A5A8DE86B}.MinSizeRel|x64.ActiveCfg = MinSizeRel|x64
		{DA02869A-1F83-303F-9BD7-B42A5A8DE86B}.MinSizeRel|x64.Build.0 = MinSizeRel|x64
		{DA02869A-1F83-303F-9BD7-B42A5A8DE86B}.Release|Win32.ActiveCfg = Release|x64
		{DA02869A-1F83-303F-9BD7-B42A5A8DE86B}.Release|x64.ActiveCfg = Release|x64
		{DA02869A-1F83-303F-9BD7-B42A5A8DE86B}.Release|x64.Build.0 = Release|x64
		{DA02869A-1F83-303F-9BD7-B42A5A8DE86B}.RelWithDebInfo|Win32.ActiveCfg = RelWithDebInfo|x64
		{DA02869A-1F83-303F-9BD7-B42A5A8DE86B}.RelWithDebInfo|x64.ActiveCfg = RelWithDebInfo|x64
		{DA02869A-1F83-303F-9BD7-B42A5A8DE86B}.RelWithDebInfo|x64.Build.0 = RelWithDebInfo|x64
		{36273ECE-B4BD-33FE-9514-3F47BFC6A049}.Debug|Win32.ActiveCfg = Debug|x64
		{36273ECE-B4BD-33FE-9514-3F47BFC6A049}.Debug|x64.ActiveCfg = Debug|x64
		{36273ECE-B4BD-33FE-9514-3F47BFC6A049}.Debug|x64.Build.0 = Debug|x64
		{36273ECE-B4BD-33FE-9514-3F47BFC6A049}.MinSizeRel|Win32.ActiveCfg = MinSizeRel|x64
		{36273ECE-B4BD-33FE-9514-3F47BFC6A049}.MinSizeRel|x64.ActiveCfg = MinSizeRel|x64
		{36273ECE-B4BD-33FE-9514-3F47BFC6A049}.MinSizeRel|x64.Build.0 = MinSizeRel|x64
		{36273ECE-B4BD-33FE-9514-3F47BFC6A049}.Release|Win32.ActiveCfg = Release|x64
		{36273ECE-B4BD-33FE-9514-3F47BFC6A049}.Release|x64.ActiveCfg = Release|x64
		{36273ECE-B4BD-33FE-9514-3F47BFC6A049}.Release|x64.Build.0 = Release|x64
		{36273ECE-B4BD-33FE-9514-3F47BFC6A049}.RelWithDebInfo|Win32.ActiveCfg = RelWithDebInfo|x64
		{36273ECE-B4BD-33FE-9514-3F47BFC6A049}.RelWithDebInfo|x64.ActiveCfg = RelWithDebInfo|x64
		{36273ECE-B4BD-33FE-9514-3F47BFC6A049}.RelWithDebInfo|x64.Build.0 = RelWithDebInfo|x64
		{A24DA7F7-20E3-3751-82B0-79792B95FF17}.Debug|Win32.ActiveCfg = Debug|Win32
		{A24DA7F7-20E3-3751-82B0-79792B95FF17}.Debug|Win32.Build.0 = Debug|Win32
		{A24DA7F7-20E3-3751-82B0-79792B95FF17}.Debug|x64.ActiveCfg = Debug|Win32
		{A24DA7F7-20E3-3751-82B0-79792B95FF17}.MinSizeRel|Win32.ActiveCfg = MinSizeRel|Win32
		{A24DA7F7-20E3-3751-82B0-79792B95FF17}.MinSizeRel|Win32.Build.0 = MinSizeRel|Win32
		{A24DA7F7-20E3-3751-82B0-79792B95FF17}.MinSizeRel|x64.ActiveCfg = MinSizeRel|Win32
		{A24DA7F7-20E3-3751-82B0-79792B95FF17}.Release|Win32.ActiveCfg = Release|Win32
		{A24DA7F7-20E3-3751-82B0-79792B95FF17}.Release|Win32.Build.0 = Release|Win32
		{A24DA7F7-20E3-3751-82B0-79792B95FF17}.Release|x64.ActiveCfg = Release|Win32
		{A24DA7F7-20E3-3751-82B0-79792B95FF17}.RelWithDebInfo|Win32.ActiveCfg = RelWithDebInfo|Win32
		{A24DA7F7-20E3-3751-82B0-79792B95FF17}.RelWithDebInfo|Win32.Build.0 = RelWithDebInfo|Win32
		{A24DA7F7-20E3-3751-82B0-79792B95FF17}.RelWithDebInfo|x64.ActiveCfg = RelWithDebInfo|Win32
		{90711F3E-29F4-33E2-9717-6BA1225C0046}.Debug|Win32.ActiveCfg = Debug|Win32
		{90711F3E-29F4-33E2-9717-6BA1225C0046}.Debug|x64.ActiveCfg = Debug|Win32
		{90711F3E-29F4-33E2-9717-6BA1225C0046}.MinSizeRel|Win32.ActiveCfg = MinSizeRel|Win32
		{90711F3E-29F4-33E2-9717-6BA1225C0046}.MinSizeRel|x64.ActiveCfg = MinSizeRel|Win32
		{90711F3E-29F4-33E2-9717-6BA1225C0046}.Release|Win32.ActiveCfg = Release|Win32
		{90711F3E-29F4-33E2-9717-6BA1225C0046}.Release|x64.ActiveCfg = Release|Win32
		{90711F3E-29F4-33E2-9717-6BA1225C0046}.RelWithDebInfo|Win32.ActiveCfg = RelWithDebInfo|Win32
		{90711F3E-29F4-33E2-9717-6BA1225C0046}.RelWithDebInfo|x64.ActiveCfg = RelWithDebInfo|Win32
		{3FEE69E6-A290-3022-A160-ACF82CAE989C}.Debug|Win32.ActiveCfg = Debug|Win32
		{3FEE69E6-A290-3022-A160-ACF82CAE989C}.Debug|Win32.Build.0 = Debug|Win32
		{3FEE69E6-A290-3022-A160-ACF82CAE989C}.Debug|x64.ActiveCfg = Debug|Win32
		{3FEE69E6-A290-3022-A160-ACF82CAE989C}.MinSizeRel|Win32.ActiveCfg = MinSizeRel|Win32
		{3FEE69E6-A290-3022-A160-ACF82CAE989C}.MinSizeRel|Win32.Build.0 = MinSizeRel|Win32
		{3FEE69E6-A290-3022-A160-ACF82CAE989C}.MinSizeRel|x64.ActiveCfg = MinSizeRel|Win32
		{3FEE69E6-A290-3022-A160-ACF82CAE989C}.Release|Win32.ActiveCfg = Release|Win32
		{3FEE69E6-A290-3022-A160-ACF82CAE989C}.Release|Win32.Build.0 = Release|Win32
		{3FEE69E6-A290-3022-A160-ACF82CAE989C}.Release|x64.ActiveCfg = Release|Win32
		{3FEE69E6-A290-3022-A160-ACF82CAE989C}.RelWithDebInfo|Win32.ActiveCfg = RelWithDebInfo|Win32
		{3FEE69E6-A290-3022-A160-ACF82CAE989C}.RelWithDebInfo|Win32.Build.0 = RelWithDebInfo|Win32
		{3FEE69E6-A290-3022-A160-ACF82CAE989C}.RelWithDebInfo|x64.ActiveCfg = RelWithDebInfo|Win32
		{1C9B0B6F-6A10-3418-A0E1-92EB4F03831D}.Debug|Win32.ActiveCfg = Debug|Win32
		{1C9B0B6F-6A10-3418-A0E1-92EB4F03831D}.Debug|Win32.Build.0 = Debug|Win32
		{1C9B0B6F-6A10-3418-A0E1-92EB4F03831D}.Debug|x64.ActiveCfg = Debug|Win32
		{1C9B0B6F-6A10-3418-A0E1-92EB4F03831D}.MinSizeRel|Win32.ActiveCfg = MinSizeRel|Win32
		{1C9B0B6F-6A10-3418-A0E1-92EB4F03831D}.MinSizeRel|Win32.Build.0 = MinSizeRel|Win32
		{1C9B0B6F-6A10-3418-A0E1-92EB4F03831D}.MinSizeRel|x64.ActiveCfg = MinSizeRel|Win32
		{1C9B0B6F-6A10-3418-A0E1-92EB4F03831D}.Release|Win32.ActiveCfg = Release|Win32
		{1C9B0B6F-6A10-3418-A0E1-92EB4F03831D}.Release|Win32.Build.0 = Release|Win32
		{1C9B0B6F-6A10-3418-A0E1-92EB4F03831D}.Release|x64.ActiveCfg = Release|Win32
		{1C9B0B6F-6A10-3418-A0E1-92EB4F03831D}.RelWithDebInfo|Win32.ActiveCfg = RelWithDebInfo|Win32
		{1C9B0B6F-6A10-3418-A0E1-92EB4F03831D}.RelWithDebInfo|Win32.Build.0 = RelWithDebInfo|Win32
		{1C9B0B6F-6A10-3418-A0E1-92EB4F03831D}.RelWithDebInfo|x64.ActiveCfg = RelWithDebInfo|Win32
	EndGlobalSection
	GlobalSection(SolutionProperties) = preSolution
		HideSolutionNode = FALSE
	EndGlobalSection
	GlobalSection(NestedProjects) = preSolution
		{4CFB0CA2-F3D8-3688-92B3-70BF50230636} = {6CCBBC8D-4D8D-4ABA-B2F3-708DFB47D285}
		{41BE1199-5D36-381A-A749-0BCFA741BAF6} = {6CCBBC8D-4D8D-4ABA-B2F3-708DFB47D285}
		{DA02869A-1F83-303F-9BD7-B42A5A8DE86B} = {6CCBBC8D-4D8D-4ABA-B2F3-708DFB47D285}
		{36273ECE-B4BD-33FE-9514-3F47BFC6A049} = {6CCBBC8D-4D8D-4ABA-B2F3-708DFB47D285}
		{A24DA7F7-20E3-3751-82B0-79792B95FF17} = {8CF367BC-9C8E-4941-85C2-B6E680198F9E}
		{90711F3E-29F4-33E2-9717-6BA1225C0046} = {8CF367BC-9C8E-4941-85C2-B6E680198F9E}
		{3FEE69E6-A290-3022-A160-ACF82CAE989C} = {8CF367BC-9C8E-4941-85C2-B6E680198F9E}
		{1C9B0B6F-6A10-3418-A0E1-92EB4F03831D} = {8CF367BC-9C8E-4941-85C2-B6E680198F9E}
	EndGlobalSection
EndGlobal
